
Microsoft Visual Studio Solution File, Format Version 12.00
Project("{FAE04EC0-301F-11D3-BF4B-00C04F79EFBC}") = "MediatR.Deployment", "MediatR.Deployment\MediatR.Deployment.csproj", "{5C385538-1C68-4DE5-8092-14208BF5AB7A}"
EndProject
Project("{FAE04EC0-301F-11D3-BF4B-00C04F79EFBC}") = "MediatR.Publisher", "MediatR.Publisher\MediatR.Publisher.csproj", "{9BE6D800-CBB0-4740-A388-041A2211FDBC}"
EndProject
Project("{FAE04EC0-301F-11D3-BF4B-00C04F79EFBC}") = "MediatR.Consumer", "MediatR.Consumer\MediatR.Consumer.csproj", "{4E1CDE71-F8A7-43D9-8EF7-5C23EE488BC1}"
EndProject
Project("{FAE04EC0-301F-11D3-BF4B-00C04F79EFBC}") = "MediatR.Infrastructure.Api", "MediatR.Infrastructure.Api\MediatR.Infrastructure.Api.csproj", "{C94C2A69-A733-4830-8DBA-1CE94F4D57A1}"
EndProject
Project("{FAE04EC0-301F-11D3-BF4B-00C04F79EFBC}") = "MediatR.Infrastructure.Core", "MediatR.Infrastructure.Core\MediatR.Infrastructure.Core.csproj", "{7940E980-814E-4C37-9B3E-75DF000DBFCC}"
EndProject
Global
	GlobalSection(SolutionConfigurationPlatforms) = preSolution
		Debug|Any CPU = Debug|Any CPU
		Release|Any CPU = Release|Any CPU
	EndGlobalSection
	GlobalSection(ProjectConfigurationPlatforms) = postSolution
		{5C385538-1C68-4DE5-8092-14208BF5AB7A}.Debug|Any CPU.ActiveCfg = Debug|Any CPU
		{5C385538-1C68-4DE5-8092-14208BF5AB7A}.Debug|Any CPU.Build.0 = Debug|Any CPU
		{5C385538-1C68-4DE5-8092-14208BF5AB7A}.Release|Any CPU.ActiveCfg = Release|Any CPU
		{5C385538-1C68-4DE5-8092-14208BF5AB7A}.Release|Any CPU.Build.0 = Release|Any CPU
		{9BE6D800-CBB0-4740-A388-041A2211FDBC}.Debug|Any CPU.ActiveCfg = Debug|Any CPU
		{9BE6D800-CBB0-4740-A388-041A2211FDBC}.Debug|Any CPU.Build.0 = Debug|Any CPU
		{9BE6D800-CBB0-4740-A388-041A2211FDBC}.Release|Any CPU.ActiveCfg = Release|Any CPU
		{9BE6D800-CBB0-4740-A388-041A2211FDBC}.Release|Any CPU.Build.0 = Release|Any CPU
		{4E1CDE71-F8A7-43D9-8EF7-5C23EE488BC1}.Debug|Any CPU.ActiveCfg = Debug|Any CPU
		{4E1CDE71-F8A7-43D9-8EF7-5C23EE488BC1}.Debug|Any CPU.Build.0 = Debug|Any CPU
		{4E1CDE71-F8A7-43D9-8EF7-5C23EE488BC1}.Release|Any CPU.ActiveCfg = Release|Any CPU
		{4E1CDE71-F8A7-43D9-8EF7-5C23EE488BC1}.Release|Any CPU.Build.0 = Release|Any CPU
		{C94C2A69-A733-4830-8DBA-1CE94F4D57A1}.Debug|Any CPU.ActiveCfg = Debug|Any CPU
		{C94C2A69-A733-4830-8DBA-1CE94F4D57A1}.Debug|Any CPU.Build.0 = Debug|Any CPU
		{C94C2A69-A733-4830-8DBA-1CE94F4D57A1}.Release|Any CPU.ActiveCfg = Release|Any CPU
		{C94C2A69-A733-4830-8DBA-1CE94F4D57A1}.Release|Any CPU.Build.0 = Release|Any CPU
		{7940E980-814E-4C37-9B3E-75DF000DBFCC}.Debug|Any CPU.ActiveCfg = Debug|Any CPU
		{7940E980-814E-4C37-9B3E-75DF000DBFCC}.Debug|Any CPU.Build.0 = Debug|Any CPU
		{7940E980-814E-4C37-9B3E-75DF000DBFCC}.Release|Any CPU.ActiveCfg = Release|Any CPU
		{7940E980-814E-4C37-9B3E-75DF000DBFCC}.Release|Any CPU.Build.0 = Release|Any CPU
	EndGlobalSection
EndGlobal
